
Microsoft Visual Studio Solution File, Format Version 12.00
# Visual Studio 15
VisualStudioVersion = 15.0.28307.438
MinimumVisualStudioVersion = 10.0.40219.1
Project("{FAE04EC0-301F-11D3-BF4B-00C04F79EFBC}") = "QueuesPractice", "QueuesPractice\QueuesPractice.csproj", "{33ED0388-9B12-4086-BEFE-01C791BC4FAC}"
EndProject
Project("{FAE04EC0-301F-11D3-BF4B-00C04F79EFBC}") = "Task1", "Task1\Task1.csproj", "{DE8F6C12-E6DE-4C2A-9279-3E79306EDBC0}"
EndProject
Project("{FAE04EC0-301F-11D3-BF4B-00C04F79EFBC}") = "Task1Repeat", "Task1Repeat\Task1Repeat.csproj", "{B1BA32EE-0716-4607-8A26-7089110797EF}"
EndProject
Global
	GlobalSection(SolutionConfigurationPlatforms) = preSolution
		Debug|Any CPU = Debug|Any CPU
		Release|Any CPU = Release|Any CPU
	EndGlobalSection
	GlobalSection(ProjectConfigurationPlatforms) = postSolution
		{33ED0388-9B12-4086-BEFE-01C791BC4FAC}.Debug|Any CPU.ActiveCfg = Debug|Any CPU
		{33ED0388-9B12-4086-BEFE-01C791BC4FAC}.Debug|Any CPU.Build.0 = Debug|Any CPU
		{33ED0388-9B12-4086-BEFE-01C791BC4FAC}.Release|Any CPU.ActiveCfg = Release|Any CPU
		{33ED0388-9B12-4086-BEFE-01C791BC4FAC}.Release|Any CPU.Build.0 = Release|Any CPU
		{DE8F6C12-E6DE-4C2A-9279-3E79306EDBC0}.Debug|Any CPU.ActiveCfg = Debug|Any CPU
		{DE8F6C12-E6DE-4C2A-9279-3E79306EDBC0}.Debug|Any CPU.Build.0 = Debug|Any CPU
		{DE8F6C12-E6DE-4C2A-9279-3E79306EDBC0}.Release|Any CPU.ActiveCfg = Release|Any CPU
		{DE8F6C12-E6DE-4C2A-9279-3E79306EDBC0}.Release|Any CPU.Build.0 = Release|Any CPU
		{B1BA32EE-0716-4607-8A26-7089110797EF}.Debug|Any CPU.ActiveCfg = Debug|Any CPU
		{B1BA32EE-0716-4607-8A26-7089110797EF}.Debug|Any CPU.Build.0 = Debug|Any CPU
		{B1BA32EE-0716-4607-8A26-7089110797EF}.Release|Any CPU.ActiveCfg = Release|Any CPU
		{B1BA32EE-0716-4607-8A26-7089110797EF}.Release|Any CPU.Build.0 = Release|Any CPU
	EndGlobalSection
	GlobalSection(SolutionProperties) = preSolution
		HideSolutionNode = FALSE
	EndGlobalSection
	GlobalSection(ExtensibilityGlobals) = postSolution
		SolutionGuid = {64CF730C-EC28-4DF8-9FDC-D7EFFB7287F5}
	EndGlobalSection
EndGlobal
