
Microsoft Visual Studio Solution File, Format Version 12.00
# Visual Studio 15
VisualStudioVersion = 15.0.28307.421
MinimumVisualStudioVersion = 10.0.40219.1
Project("{FAE04EC0-301F-11D3-BF4B-00C04F79EFBC}") = "RevisionExercises", "RevisionExercises\RevisionExercises.csproj", "{34B55144-7091-487C-A181-2FEB25A20FB2}"
EndProject
Global
	GlobalSection(SolutionConfigurationPlatforms) = preSolution
		Debug|Any CPU = Debug|Any CPU
		Release|Any CPU = Release|Any CPU
	EndGlobalSection
	GlobalSection(ProjectConfigurationPlatforms) = postSolution
		{34B55144-7091-487C-A181-2FEB25A20FB2}.Debug|Any CPU.ActiveCfg = Debug|Any CPU
		{34B55144-7091-487C-A181-2FEB25A20FB2}.Debug|Any CPU.Build.0 = Debug|Any CPU
		{34B55144-7091-487C-A181-2FEB25A20FB2}.Release|Any CPU.ActiveCfg = Release|Any CPU
		{34B55144-7091-487C-A181-2FEB25A20FB2}.Release|Any CPU.Build.0 = Release|Any CPU
	EndGlobalSection
	GlobalSection(SolutionProperties) = preSolution
		HideSolutionNode = FALSE
	EndGlobalSection
	GlobalSection(ExtensibilityGlobals) = postSolution
		SolutionGuid = {0C2D1825-5801-4F8F-B3C5-6EEF1E395F6D}
	EndGlobalSection
EndGlobal
