
Microsoft Visual Studio Solution File, Format Version 12.00
# Visual Studio 15
VisualStudioVersion = 15.0.28010.2046
MinimumVisualStudioVersion = 10.0.40219.1
Project("{FAE04EC0-301F-11D3-BF4B-00C04F79EFBC}") = "Extension Exercises", "Extension Exercises\Extension Exercises.csproj", "{3F64D77D-F1FE-4DB3-8756-D62EC6EFAE80}"
EndProject
Global
	GlobalSection(SolutionConfigurationPlatforms) = preSolution
		Debug|Any CPU = Debug|Any CPU
		Release|Any CPU = Release|Any CPU
	EndGlobalSection
	GlobalSection(ProjectConfigurationPlatforms) = postSolution
		{3F64D77D-F1FE-4DB3-8756-D62EC6EFAE80}.Debug|Any CPU.ActiveCfg = Debug|Any CPU
		{3F64D77D-F1FE-4DB3-8756-D62EC6EFAE80}.Debug|Any CPU.Build.0 = Debug|Any CPU
		{3F64D77D-F1FE-4DB3-8756-D62EC6EFAE80}.Release|Any CPU.ActiveCfg = Release|Any CPU
		{3F64D77D-F1FE-4DB3-8756-D62EC6EFAE80}.Release|Any CPU.Build.0 = Release|Any CPU
	EndGlobalSection
	GlobalSection(SolutionProperties) = preSolution
		HideSolutionNode = FALSE
	EndGlobalSection
	GlobalSection(ExtensibilityGlobals) = postSolution
		SolutionGuid = {16CBDBF3-4982-4461-8117-9C0197B799D6}
	EndGlobalSection
EndGlobal
