
Microsoft Visual Studio Solution File, Format Version 12.00
# Visual Studio 15
VisualStudioVersion = 15.0.28307.438
MinimumVisualStudioVersion = 10.0.40219.1
Project("{FAE04EC0-301F-11D3-BF4B-00C04F79EFBC}") = "StacksPrac2", "StacksPrac2\StacksPrac2.csproj", "{8D1D5149-5B51-4214-928C-47230069B41E}"
EndProject
Project("{FAE04EC0-301F-11D3-BF4B-00C04F79EFBC}") = "Task1", "Task1\Task1.csproj", "{2EAD9A9B-52B8-42DF-B5A0-AE6D6225DAF9}"
EndProject
Project("{FAE04EC0-301F-11D3-BF4B-00C04F79EFBC}") = "Task2", "Task2\Task2.csproj", "{80094F1F-2DC9-4C2D-8A59-736F5D070DE4}"
EndProject
Project("{FAE04EC0-301F-11D3-BF4B-00C04F79EFBC}") = "Task3", "Task3\Task3.csproj", "{06DFFBE1-AA13-43B1-9D79-4F8C0BF5B170}"
EndProject
Project("{FAE04EC0-301F-11D3-BF4B-00C04F79EFBC}") = "RandomPrac", "RandomPrac\RandomPrac.csproj", "{5A1058CF-2F6A-4DA4-8295-8E1F2A3C80E5}"
EndProject
Global
	GlobalSection(SolutionConfigurationPlatforms) = preSolution
		Debug|Any CPU = Debug|Any CPU
		Release|Any CPU = Release|Any CPU
	EndGlobalSection
	GlobalSection(ProjectConfigurationPlatforms) = postSolution
		{8D1D5149-5B51-4214-928C-47230069B41E}.Debug|Any CPU.ActiveCfg = Debug|Any CPU
		{8D1D5149-5B51-4214-928C-47230069B41E}.Debug|Any CPU.Build.0 = Debug|Any CPU
		{8D1D5149-5B51-4214-928C-47230069B41E}.Release|Any CPU.ActiveCfg = Release|Any CPU
		{8D1D5149-5B51-4214-928C-47230069B41E}.Release|Any CPU.Build.0 = Release|Any CPU
		{2EAD9A9B-52B8-42DF-B5A0-AE6D6225DAF9}.Debug|Any CPU.ActiveCfg = Debug|Any CPU
		{2EAD9A9B-52B8-42DF-B5A0-AE6D6225DAF9}.Debug|Any CPU.Build.0 = Debug|Any CPU
		{2EAD9A9B-52B8-42DF-B5A0-AE6D6225DAF9}.Release|Any CPU.ActiveCfg = Release|Any CPU
		{2EAD9A9B-52B8-42DF-B5A0-AE6D6225DAF9}.Release|Any CPU.Build.0 = Release|Any CPU
		{80094F1F-2DC9-4C2D-8A59-736F5D070DE4}.Debug|Any CPU.ActiveCfg = Debug|Any CPU
		{80094F1F-2DC9-4C2D-8A59-736F5D070DE4}.Debug|Any CPU.Build.0 = Debug|Any CPU
		{80094F1F-2DC9-4C2D-8A59-736F5D070DE4}.Release|Any CPU.ActiveCfg = Release|Any CPU
		{80094F1F-2DC9-4C2D-8A59-736F5D070DE4}.Release|Any CPU.Build.0 = Release|Any CPU
		{06DFFBE1-AA13-43B1-9D79-4F8C0BF5B170}.Debug|Any CPU.ActiveCfg = Debug|Any CPU
		{06DFFBE1-AA13-43B1-9D79-4F8C0BF5B170}.Debug|Any CPU.Build.0 = Debug|Any CPU
		{06DFFBE1-AA13-43B1-9D79-4F8C0BF5B170}.Release|Any CPU.ActiveCfg = Release|Any CPU
		{06DFFBE1-AA13-43B1-9D79-4F8C0BF5B170}.Release|Any CPU.Build.0 = Release|Any CPU
		{5A1058CF-2F6A-4DA4-8295-8E1F2A3C80E5}.Debug|Any CPU.ActiveCfg = Debug|Any CPU
		{5A1058CF-2F6A-4DA4-8295-8E1F2A3C80E5}.Debug|Any CPU.Build.0 = Debug|Any CPU
		{5A1058CF-2F6A-4DA4-8295-8E1F2A3C80E5}.Release|Any CPU.ActiveCfg = Release|Any CPU
		{5A1058CF-2F6A-4DA4-8295-8E1F2A3C80E5}.Release|Any CPU.Build.0 = Release|Any CPU
	EndGlobalSection
	GlobalSection(SolutionProperties) = preSolution
		HideSolutionNode = FALSE
	EndGlobalSection
	GlobalSection(ExtensibilityGlobals) = postSolution
		SolutionGuid = {D49910CC-0E78-41DA-9E2B-F43FD1218EB8}
	EndGlobalSection
EndGlobal
